
Microsoft Visual Studio Solution File, Format Version 12.00
# Visual Studio Version 17
VisualStudioVersion = 17.2.32505.173
MinimumVisualStudioVersion = 10.0.40219.1
Project("{FAE04EC0-301F-11D3-BF4B-00C04F79EFBC}") = "BasicStacksOperation_threeNumbers", "BasicStacksOperation_threeNumbers\BasicStacksOperation_threeNumbers.csproj", "{377239C4-D228-4BD3-881B-072DAA7811F9}"
EndProject
Global
	GlobalSection(SolutionConfigurationPlatforms) = preSolution
		Debug|Any CPU = Debug|Any CPU
		Release|Any CPU = Release|Any CPU
	EndGlobalSection
	GlobalSection(ProjectConfigurationPlatforms) = postSolution
		{377239C4-D228-4BD3-881B-072DAA7811F9}.Debug|Any CPU.ActiveCfg = Debug|Any CPU
		{377239C4-D228-4BD3-881B-072DAA7811F9}.Debug|Any CPU.Build.0 = Debug|Any CPU
		{377239C4-D228-4BD3-881B-072DAA7811F9}.Release|Any CPU.ActiveCfg = Release|Any CPU
		{377239C4-D228-4BD3-881B-072DAA7811F9}.Release|Any CPU.Build.0 = Release|Any CPU
	EndGlobalSection
	GlobalSection(SolutionProperties) = preSolution
		HideSolutionNode = FALSE
	EndGlobalSection
	GlobalSection(ExtensibilityGlobals) = postSolution
		SolutionGuid = {B564940E-E236-47EF-B552-4D667C8FCFA7}
	EndGlobalSection
EndGlobal
