
Microsoft Visual Studio Solution File, Format Version 12.00
# Visual Studio Version 17
VisualStudioVersion = 17.2.32505.173
MinimumVisualStudioVersion = 10.0.40219.1
Project("{9A19103F-16F7-4668-BE54-9A1E7A4F7556}") = "BasicStacksOperation_threeNumbers", "BasicStacksOperation_threeNumbers\BasicStacksOperation_threeNumbers.csproj", "{377239C4-D228-4BD3-881B-072DAA7811F9}"
EndProject
Project("{9A19103F-16F7-4668-BE54-9A1E7A4F7556}") = "BasicQueueOperations", "BasicQueueOperations\BasicQueueOperations.csproj", "{60EB4D70-ABCD-4359-8336-99C0CC7E4054}"
EndProject
Project("{9A19103F-16F7-4668-BE54-9A1E7A4F7556}") = "MaxMinElements", "MaxMinElements\MaxMinElements.csproj", "{6BA3E749-DB2D-4179-81DA-C126873900B0}"
EndProject
Project("{9A19103F-16F7-4668-BE54-9A1E7A4F7556}") = "FastFood", "FastFood\FastFood.csproj", "{B979D9C8-2FBF-48AE-ABC9-B73F7A179E64}"
EndProject
Project("{FAE04EC0-301F-11D3-BF4B-00C04F79EFBC}") = "TruckTour", "TruckTour\TruckTour.csproj", "{58F54CAB-C578-44A2-9C57-C17CCAC99CDD}"
EndProject
Project("{FAE04EC0-301F-11D3-BF4B-00C04F79EFBC}") = "FashionBoutique", "FashionBoutique\FashionBoutique.csproj", "{85C14CC3-4E9D-4BFD-A589-75B08FFC965F}"
EndProject
Project("{FAE04EC0-301F-11D3-BF4B-00C04F79EFBC}") = "SongsQueue", "SongsQueue\SongsQueue.csproj", "{9FD97770-FB58-4701-9A7B-CD266946E236}"
EndProject
Global
	GlobalSection(SolutionConfigurationPlatforms) = preSolution
		Debug|Any CPU = Debug|Any CPU
		Release|Any CPU = Release|Any CPU
	EndGlobalSection
	GlobalSection(ProjectConfigurationPlatforms) = postSolution
		{377239C4-D228-4BD3-881B-072DAA7811F9}.Debug|Any CPU.ActiveCfg = Debug|Any CPU
		{377239C4-D228-4BD3-881B-072DAA7811F9}.Debug|Any CPU.Build.0 = Debug|Any CPU
		{377239C4-D228-4BD3-881B-072DAA7811F9}.Release|Any CPU.ActiveCfg = Release|Any CPU
		{377239C4-D228-4BD3-881B-072DAA7811F9}.Release|Any CPU.Build.0 = Release|Any CPU
		{60EB4D70-ABCD-4359-8336-99C0CC7E4054}.Debug|Any CPU.ActiveCfg = Debug|Any CPU
		{60EB4D70-ABCD-4359-8336-99C0CC7E4054}.Debug|Any CPU.Build.0 = Debug|Any CPU
		{60EB4D70-ABCD-4359-8336-99C0CC7E4054}.Release|Any CPU.ActiveCfg = Release|Any CPU
		{60EB4D70-ABCD-4359-8336-99C0CC7E4054}.Release|Any CPU.Build.0 = Release|Any CPU
		{6BA3E749-DB2D-4179-81DA-C126873900B0}.Debug|Any CPU.ActiveCfg = Debug|Any CPU
		{6BA3E749-DB2D-4179-81DA-C126873900B0}.Debug|Any CPU.Build.0 = Debug|Any CPU
		{6BA3E749-DB2D-4179-81DA-C126873900B0}.Release|Any CPU.ActiveCfg = Release|Any CPU
		{6BA3E749-DB2D-4179-81DA-C126873900B0}.Release|Any CPU.Build.0 = Release|Any CPU
		{B979D9C8-2FBF-48AE-ABC9-B73F7A179E64}.Debug|Any CPU.ActiveCfg = Debug|Any CPU
		{B979D9C8-2FBF-48AE-ABC9-B73F7A179E64}.Debug|Any CPU.Build.0 = Debug|Any CPU
		{B979D9C8-2FBF-48AE-ABC9-B73F7A179E64}.Release|Any CPU.ActiveCfg = Release|Any CPU
		{B979D9C8-2FBF-48AE-ABC9-B73F7A179E64}.Release|Any CPU.Build.0 = Release|Any CPU
		{58F54CAB-C578-44A2-9C57-C17CCAC99CDD}.Debug|Any CPU.ActiveCfg = Debug|Any CPU
		{58F54CAB-C578-44A2-9C57-C17CCAC99CDD}.Debug|Any CPU.Build.0 = Debug|Any CPU
		{58F54CAB-C578-44A2-9C57-C17CCAC99CDD}.Release|Any CPU.ActiveCfg = Release|Any CPU
		{58F54CAB-C578-44A2-9C57-C17CCAC99CDD}.Release|Any CPU.Build.0 = Release|Any CPU
		{85C14CC3-4E9D-4BFD-A589-75B08FFC965F}.Debug|Any CPU.ActiveCfg = Debug|Any CPU
		{85C14CC3-4E9D-4BFD-A589-75B08FFC965F}.Debug|Any CPU.Build.0 = Debug|Any CPU
		{85C14CC3-4E9D-4BFD-A589-75B08FFC965F}.Release|Any CPU.ActiveCfg = Release|Any CPU
		{85C14CC3-4E9D-4BFD-A589-75B08FFC965F}.Release|Any CPU.Build.0 = Release|Any CPU
		{9FD97770-FB58-4701-9A7B-CD266946E236}.Debug|Any CPU.ActiveCfg = Debug|Any CPU
		{9FD97770-FB58-4701-9A7B-CD266946E236}.Debug|Any CPU.Build.0 = Debug|Any CPU
		{9FD97770-FB58-4701-9A7B-CD266946E236}.Release|Any CPU.ActiveCfg = Release|Any CPU
		{9FD97770-FB58-4701-9A7B-CD266946E236}.Release|Any CPU.Build.0 = Release|Any CPU
	EndGlobalSection
	GlobalSection(SolutionProperties) = preSolution
		HideSolutionNode = FALSE
	EndGlobalSection
	GlobalSection(ExtensibilityGlobals) = postSolution
		SolutionGuid = {B564940E-E236-47EF-B552-4D667C8FCFA7}
	EndGlobalSection
EndGlobal
