
Microsoft Visual Studio Solution File, Format Version 12.00
# Visual Studio Version 17
VisualStudioVersion = 17.2.32516.85
MinimumVisualStudioVersion = 10.0.40219.1
Project("{9A19103F-16F7-4668-BE54-9A1E7A4F7556}") = "DiagonalDifference", "DiagonalDifference\DiagonalDifference.csproj", "{C6E235ED-C874-42C2-B593-528D9ACCF68F}"
EndProject
Project("{FAE04EC0-301F-11D3-BF4B-00C04F79EFBC}") = "SquaresIMatrix", "SquaresIMatrix\SquaresIMatrix.csproj", "{D621D228-C044-4B25-9339-7D402EA0B1AC}"
EndProject
Project("{FAE04EC0-301F-11D3-BF4B-00C04F79EFBC}") = "MaximalSum", "MaximalSum\MaximalSum.csproj", "{993F5EF8-D67D-4306-85C3-3D7CBF2B4D61}"
EndProject
Project("{FAE04EC0-301F-11D3-BF4B-00C04F79EFBC}") = "MatrixShuffling", "MatrixShuffling\MatrixShuffling.csproj", "{FAA24A85-4918-4415-B721-F34EC2E788A3}"
EndProject
Project("{FAE04EC0-301F-11D3-BF4B-00C04F79EFBC}") = "SnakeMoves", "SnakeMoves\SnakeMoves.csproj", "{B10AF082-761E-4E97-97EA-4874091C4074}"
EndProject
Global
	GlobalSection(SolutionConfigurationPlatforms) = preSolution
		Debug|Any CPU = Debug|Any CPU
		Release|Any CPU = Release|Any CPU
	EndGlobalSection
	GlobalSection(ProjectConfigurationPlatforms) = postSolution
		{C6E235ED-C874-42C2-B593-528D9ACCF68F}.Debug|Any CPU.ActiveCfg = Debug|Any CPU
		{C6E235ED-C874-42C2-B593-528D9ACCF68F}.Debug|Any CPU.Build.0 = Debug|Any CPU
		{C6E235ED-C874-42C2-B593-528D9ACCF68F}.Release|Any CPU.ActiveCfg = Release|Any CPU
		{C6E235ED-C874-42C2-B593-528D9ACCF68F}.Release|Any CPU.Build.0 = Release|Any CPU
		{D621D228-C044-4B25-9339-7D402EA0B1AC}.Debug|Any CPU.ActiveCfg = Debug|Any CPU
		{D621D228-C044-4B25-9339-7D402EA0B1AC}.Debug|Any CPU.Build.0 = Debug|Any CPU
		{D621D228-C044-4B25-9339-7D402EA0B1AC}.Release|Any CPU.ActiveCfg = Release|Any CPU
		{D621D228-C044-4B25-9339-7D402EA0B1AC}.Release|Any CPU.Build.0 = Release|Any CPU
		{993F5EF8-D67D-4306-85C3-3D7CBF2B4D61}.Debug|Any CPU.ActiveCfg = Debug|Any CPU
		{993F5EF8-D67D-4306-85C3-3D7CBF2B4D61}.Debug|Any CPU.Build.0 = Debug|Any CPU
		{993F5EF8-D67D-4306-85C3-3D7CBF2B4D61}.Release|Any CPU.ActiveCfg = Release|Any CPU
		{993F5EF8-D67D-4306-85C3-3D7CBF2B4D61}.Release|Any CPU.Build.0 = Release|Any CPU
		{FAA24A85-4918-4415-B721-F34EC2E788A3}.Debug|Any CPU.ActiveCfg = Debug|Any CPU
		{FAA24A85-4918-4415-B721-F34EC2E788A3}.Debug|Any CPU.Build.0 = Debug|Any CPU
		{FAA24A85-4918-4415-B721-F34EC2E788A3}.Release|Any CPU.ActiveCfg = Release|Any CPU
		{FAA24A85-4918-4415-B721-F34EC2E788A3}.Release|Any CPU.Build.0 = Release|Any CPU
		{B10AF082-761E-4E97-97EA-4874091C4074}.Debug|Any CPU.ActiveCfg = Debug|Any CPU
		{B10AF082-761E-4E97-97EA-4874091C4074}.Debug|Any CPU.Build.0 = Debug|Any CPU
		{B10AF082-761E-4E97-97EA-4874091C4074}.Release|Any CPU.ActiveCfg = Release|Any CPU
		{B10AF082-761E-4E97-97EA-4874091C4074}.Release|Any CPU.Build.0 = Release|Any CPU
	EndGlobalSection
	GlobalSection(SolutionProperties) = preSolution
		HideSolutionNode = FALSE
	EndGlobalSection
	GlobalSection(ExtensibilityGlobals) = postSolution
		SolutionGuid = {5E2D60D8-2CD3-4F9A-9623-5B00D12F0C62}
	EndGlobalSection
EndGlobal
