
Microsoft Visual Studio Solution File, Format Version 12.00
# Visual Studio Version 17
VisualStudioVersion = 17.1.32210.238
MinimumVisualStudioVersion = 10.0.40219.1
Project("{FAE04EC0-301F-11D3-BF4B-00C04F79EFBC}") = "ObjectsAndClasses", "ObjectsAndClasses\ObjectsAndClasses.csproj", "{3E8510CC-7136-4CFD-A9D8-B9FD1308F7D7}"
EndProject
Project("{FAE04EC0-301F-11D3-BF4B-00C04F79EFBC}") = "AdvertisementMessage", "AdvertisementMessage\AdvertisementMessage.csproj", "{3E225B93-9D61-4B4D-AB76-2A11297142E8}"
EndProject
Project("{FAE04EC0-301F-11D3-BF4B-00C04F79EFBC}") = "Articles", "Articles\Articles.csproj", "{59404C7E-D464-418E-981F-894664764BE6}"
EndProject
Global
	GlobalSection(SolutionConfigurationPlatforms) = preSolution
		Debug|Any CPU = Debug|Any CPU
		Release|Any CPU = Release|Any CPU
	EndGlobalSection
	GlobalSection(ProjectConfigurationPlatforms) = postSolution
		{3E8510CC-7136-4CFD-A9D8-B9FD1308F7D7}.Debug|Any CPU.ActiveCfg = Debug|Any CPU
		{3E8510CC-7136-4CFD-A9D8-B9FD1308F7D7}.Debug|Any CPU.Build.0 = Debug|Any CPU
		{3E8510CC-7136-4CFD-A9D8-B9FD1308F7D7}.Release|Any CPU.ActiveCfg = Release|Any CPU
		{3E8510CC-7136-4CFD-A9D8-B9FD1308F7D7}.Release|Any CPU.Build.0 = Release|Any CPU
		{3E225B93-9D61-4B4D-AB76-2A11297142E8}.Debug|Any CPU.ActiveCfg = Debug|Any CPU
		{3E225B93-9D61-4B4D-AB76-2A11297142E8}.Debug|Any CPU.Build.0 = Debug|Any CPU
		{3E225B93-9D61-4B4D-AB76-2A11297142E8}.Release|Any CPU.ActiveCfg = Release|Any CPU
		{3E225B93-9D61-4B4D-AB76-2A11297142E8}.Release|Any CPU.Build.0 = Release|Any CPU
		{59404C7E-D464-418E-981F-894664764BE6}.Debug|Any CPU.ActiveCfg = Debug|Any CPU
		{59404C7E-D464-418E-981F-894664764BE6}.Debug|Any CPU.Build.0 = Debug|Any CPU
		{59404C7E-D464-418E-981F-894664764BE6}.Release|Any CPU.ActiveCfg = Release|Any CPU
		{59404C7E-D464-418E-981F-894664764BE6}.Release|Any CPU.Build.0 = Release|Any CPU
	EndGlobalSection
	GlobalSection(SolutionProperties) = preSolution
		HideSolutionNode = FALSE
	EndGlobalSection
	GlobalSection(ExtensibilityGlobals) = postSolution
		SolutionGuid = {8529CB25-5022-4387-9D09-FC580E910E0F}
	EndGlobalSection
EndGlobal
