
Microsoft Visual Studio Solution File, Format Version 12.00
# Visual Studio Version 17
VisualStudioVersion = 17.1.32210.238
MinimumVisualStudioVersion = 10.0.40219.1
Project("{FAE04EC0-301F-11D3-BF4B-00C04F79EFBC}") = "ExtractEmails", "ExtractEmails\ExtractEmails.csproj", "{89D820F7-A8C4-44DC-9EA7-0CEBF5239C8D}"
EndProject
Project("{FAE04EC0-301F-11D3-BF4B-00C04F79EFBC}") = "Furniture", "Furniture\Furniture.csproj", "{6208F892-9249-4E3B-960A-599633EDBCA8}"
EndProject
Project("{FAE04EC0-301F-11D3-BF4B-00C04F79EFBC}") = "Race", "Race\Race.csproj", "{5D98ACC4-59DD-40DF-9DE1-C933CE401183}"
EndProject
Project("{FAE04EC0-301F-11D3-BF4B-00C04F79EFBC}") = "SoftUniBarIncome", "SoftUniBarIncome\SoftUniBarIncome.csproj", "{2F79BB16-1B04-4355-B314-C0B46907B4BD}"
EndProject
Global
	GlobalSection(SolutionConfigurationPlatforms) = preSolution
		Debug|Any CPU = Debug|Any CPU
		Release|Any CPU = Release|Any CPU
	EndGlobalSection
	GlobalSection(ProjectConfigurationPlatforms) = postSolution
		{89D820F7-A8C4-44DC-9EA7-0CEBF5239C8D}.Debug|Any CPU.ActiveCfg = Debug|Any CPU
		{89D820F7-A8C4-44DC-9EA7-0CEBF5239C8D}.Debug|Any CPU.Build.0 = Debug|Any CPU
		{89D820F7-A8C4-44DC-9EA7-0CEBF5239C8D}.Release|Any CPU.ActiveCfg = Release|Any CPU
		{89D820F7-A8C4-44DC-9EA7-0CEBF5239C8D}.Release|Any CPU.Build.0 = Release|Any CPU
		{6208F892-9249-4E3B-960A-599633EDBCA8}.Debug|Any CPU.ActiveCfg = Debug|Any CPU
		{6208F892-9249-4E3B-960A-599633EDBCA8}.Debug|Any CPU.Build.0 = Debug|Any CPU
		{6208F892-9249-4E3B-960A-599633EDBCA8}.Release|Any CPU.ActiveCfg = Release|Any CPU
		{6208F892-9249-4E3B-960A-599633EDBCA8}.Release|Any CPU.Build.0 = Release|Any CPU
		{5D98ACC4-59DD-40DF-9DE1-C933CE401183}.Debug|Any CPU.ActiveCfg = Debug|Any CPU
		{5D98ACC4-59DD-40DF-9DE1-C933CE401183}.Debug|Any CPU.Build.0 = Debug|Any CPU
		{5D98ACC4-59DD-40DF-9DE1-C933CE401183}.Release|Any CPU.ActiveCfg = Release|Any CPU
		{5D98ACC4-59DD-40DF-9DE1-C933CE401183}.Release|Any CPU.Build.0 = Release|Any CPU
		{2F79BB16-1B04-4355-B314-C0B46907B4BD}.Debug|Any CPU.ActiveCfg = Debug|Any CPU
		{2F79BB16-1B04-4355-B314-C0B46907B4BD}.Debug|Any CPU.Build.0 = Debug|Any CPU
		{2F79BB16-1B04-4355-B314-C0B46907B4BD}.Release|Any CPU.ActiveCfg = Release|Any CPU
		{2F79BB16-1B04-4355-B314-C0B46907B4BD}.Release|Any CPU.Build.0 = Release|Any CPU
	EndGlobalSection
	GlobalSection(SolutionProperties) = preSolution
		HideSolutionNode = FALSE
	EndGlobalSection
	GlobalSection(ExtensibilityGlobals) = postSolution
		SolutionGuid = {447B6363-37FF-46B8-83B8-B5BF91CEAEE9}
	EndGlobalSection
EndGlobal
