
Microsoft Visual Studio Solution File, Format Version 12.00
# Visual Studio Version 17
VisualStudioVersion = 17.2.32616.157
MinimumVisualStudioVersion = 10.0.40219.1
Project("{FAE04EC0-301F-11D3-BF4B-00C04F79EFBC}") = "InterfaceIPerson", "InterfaceIPerson\InterfaceIPerson.csproj", "{12247773-08F7-4D15-A95C-AF4084BF8943}"
EndProject
Project("{FAE04EC0-301F-11D3-BF4B-00C04F79EFBC}") = "MultipleImplementation", "MultipleImplementation\MultipleImplementation.csproj", "{B3BE995A-B2DC-4537-85A0-42E64D627EA6}"
EndProject
Project("{FAE04EC0-301F-11D3-BF4B-00C04F79EFBC}") = "Telephony", "Telephony\Telephony.csproj", "{D02F9D36-3F8E-4E84-9E4C-178BE3D377D5}"
EndProject
Project("{FAE04EC0-301F-11D3-BF4B-00C04F79EFBC}") = "BorderControl", "BorderControl\BorderControl.csproj", "{F368D577-3248-4DAA-AA8E-DC69850BBAC6}"
EndProject
Global
	GlobalSection(SolutionConfigurationPlatforms) = preSolution
		Debug|Any CPU = Debug|Any CPU
		Release|Any CPU = Release|Any CPU
	EndGlobalSection
	GlobalSection(ProjectConfigurationPlatforms) = postSolution
		{12247773-08F7-4D15-A95C-AF4084BF8943}.Debug|Any CPU.ActiveCfg = Debug|Any CPU
		{12247773-08F7-4D15-A95C-AF4084BF8943}.Debug|Any CPU.Build.0 = Debug|Any CPU
		{12247773-08F7-4D15-A95C-AF4084BF8943}.Release|Any CPU.ActiveCfg = Release|Any CPU
		{12247773-08F7-4D15-A95C-AF4084BF8943}.Release|Any CPU.Build.0 = Release|Any CPU
		{B3BE995A-B2DC-4537-85A0-42E64D627EA6}.Debug|Any CPU.ActiveCfg = Debug|Any CPU
		{B3BE995A-B2DC-4537-85A0-42E64D627EA6}.Debug|Any CPU.Build.0 = Debug|Any CPU
		{B3BE995A-B2DC-4537-85A0-42E64D627EA6}.Release|Any CPU.ActiveCfg = Release|Any CPU
		{B3BE995A-B2DC-4537-85A0-42E64D627EA6}.Release|Any CPU.Build.0 = Release|Any CPU
		{D02F9D36-3F8E-4E84-9E4C-178BE3D377D5}.Debug|Any CPU.ActiveCfg = Debug|Any CPU
		{D02F9D36-3F8E-4E84-9E4C-178BE3D377D5}.Debug|Any CPU.Build.0 = Debug|Any CPU
		{D02F9D36-3F8E-4E84-9E4C-178BE3D377D5}.Release|Any CPU.ActiveCfg = Release|Any CPU
		{D02F9D36-3F8E-4E84-9E4C-178BE3D377D5}.Release|Any CPU.Build.0 = Release|Any CPU
		{F368D577-3248-4DAA-AA8E-DC69850BBAC6}.Debug|Any CPU.ActiveCfg = Debug|Any CPU
		{F368D577-3248-4DAA-AA8E-DC69850BBAC6}.Debug|Any CPU.Build.0 = Debug|Any CPU
		{F368D577-3248-4DAA-AA8E-DC69850BBAC6}.Release|Any CPU.ActiveCfg = Release|Any CPU
		{F368D577-3248-4DAA-AA8E-DC69850BBAC6}.Release|Any CPU.Build.0 = Release|Any CPU
	EndGlobalSection
	GlobalSection(SolutionProperties) = preSolution
		HideSolutionNode = FALSE
	EndGlobalSection
	GlobalSection(ExtensibilityGlobals) = postSolution
		SolutionGuid = {2BA8E605-E1BF-453B-8BB5-9B698AEEEDED}
	EndGlobalSection
EndGlobal
