
Microsoft Visual Studio Solution File, Format Version 12.00
# Visual Studio Version 17
VisualStudioVersion = 17.1.32210.238
MinimumVisualStudioVersion = 10.0.40219.1
Project("{9A19103F-16F7-4668-BE54-9A1E7A4F7556}") = "TheImitationGame", "TheImitationGame\TheImitationGame.csproj", "{37AF626A-0FBC-46B3-8F31-6403BA351517}"
EndProject
Project("{9A19103F-16F7-4668-BE54-9A1E7A4F7556}") = "AdAstra", "AdAstra\AdAstra.csproj", "{A6D5A768-553C-4DB9-8846-9B7FC80A7FBE}"
EndProject
Project("{9A19103F-16F7-4668-BE54-9A1E7A4F7556}") = "ThePianist", "ThePianist\ThePianist.csproj", "{1C079089-859D-4706-AF27-73B64B59E638}"
EndProject
Project("{FAE04EC0-301F-11D3-BF4B-00C04F79EFBC}") = "PasswordReset", "PasswordReset\PasswordReset.csproj", "{480FDD0C-4103-405D-8C0B-D1D119705D87}"
EndProject
Project("{FAE04EC0-301F-11D3-BF4B-00C04F79EFBC}") = "FancyBarcodes", "FancyBarcodes\FancyBarcodes.csproj", "{BC7483AF-3E00-414C-A017-21222368F278}"
EndProject
Project("{FAE04EC0-301F-11D3-BF4B-00C04F79EFBC}") = "HeroesOfCode", "HeroesOfCode\HeroesOfCode.csproj", "{0BE07065-7207-4AF6-A891-970217CD4115}"
EndProject
Global
	GlobalSection(SolutionConfigurationPlatforms) = preSolution
		Debug|Any CPU = Debug|Any CPU
		Release|Any CPU = Release|Any CPU
	EndGlobalSection
	GlobalSection(ProjectConfigurationPlatforms) = postSolution
		{37AF626A-0FBC-46B3-8F31-6403BA351517}.Debug|Any CPU.ActiveCfg = Debug|Any CPU
		{37AF626A-0FBC-46B3-8F31-6403BA351517}.Debug|Any CPU.Build.0 = Debug|Any CPU
		{37AF626A-0FBC-46B3-8F31-6403BA351517}.Release|Any CPU.ActiveCfg = Release|Any CPU
		{37AF626A-0FBC-46B3-8F31-6403BA351517}.Release|Any CPU.Build.0 = Release|Any CPU
		{A6D5A768-553C-4DB9-8846-9B7FC80A7FBE}.Debug|Any CPU.ActiveCfg = Debug|Any CPU
		{A6D5A768-553C-4DB9-8846-9B7FC80A7FBE}.Debug|Any CPU.Build.0 = Debug|Any CPU
		{A6D5A768-553C-4DB9-8846-9B7FC80A7FBE}.Release|Any CPU.ActiveCfg = Release|Any CPU
		{A6D5A768-553C-4DB9-8846-9B7FC80A7FBE}.Release|Any CPU.Build.0 = Release|Any CPU
		{1C079089-859D-4706-AF27-73B64B59E638}.Debug|Any CPU.ActiveCfg = Debug|Any CPU
		{1C079089-859D-4706-AF27-73B64B59E638}.Debug|Any CPU.Build.0 = Debug|Any CPU
		{1C079089-859D-4706-AF27-73B64B59E638}.Release|Any CPU.ActiveCfg = Release|Any CPU
		{1C079089-859D-4706-AF27-73B64B59E638}.Release|Any CPU.Build.0 = Release|Any CPU
		{480FDD0C-4103-405D-8C0B-D1D119705D87}.Debug|Any CPU.ActiveCfg = Debug|Any CPU
		{480FDD0C-4103-405D-8C0B-D1D119705D87}.Debug|Any CPU.Build.0 = Debug|Any CPU
		{480FDD0C-4103-405D-8C0B-D1D119705D87}.Release|Any CPU.ActiveCfg = Release|Any CPU
		{480FDD0C-4103-405D-8C0B-D1D119705D87}.Release|Any CPU.Build.0 = Release|Any CPU
		{BC7483AF-3E00-414C-A017-21222368F278}.Debug|Any CPU.ActiveCfg = Debug|Any CPU
		{BC7483AF-3E00-414C-A017-21222368F278}.Debug|Any CPU.Build.0 = Debug|Any CPU
		{BC7483AF-3E00-414C-A017-21222368F278}.Release|Any CPU.ActiveCfg = Release|Any CPU
		{BC7483AF-3E00-414C-A017-21222368F278}.Release|Any CPU.Build.0 = Release|Any CPU
		{0BE07065-7207-4AF6-A891-970217CD4115}.Debug|Any CPU.ActiveCfg = Debug|Any CPU
		{0BE07065-7207-4AF6-A891-970217CD4115}.Debug|Any CPU.Build.0 = Debug|Any CPU
		{0BE07065-7207-4AF6-A891-970217CD4115}.Release|Any CPU.ActiveCfg = Release|Any CPU
		{0BE07065-7207-4AF6-A891-970217CD4115}.Release|Any CPU.Build.0 = Release|Any CPU
	EndGlobalSection
	GlobalSection(SolutionProperties) = preSolution
		HideSolutionNode = FALSE
	EndGlobalSection
	GlobalSection(ExtensibilityGlobals) = postSolution
		SolutionGuid = {7E32A640-DA77-40F2-91E4-B59A1CEE6C7C}
	EndGlobalSection
EndGlobal
