
Microsoft Visual Studio Solution File, Format Version 12.00
# Visual Studio Version 17
VisualStudioVersion = 17.2.32516.85
MinimumVisualStudioVersion = 10.0.40219.1
Project("{FAE04EC0-301F-11D3-BF4B-00C04F79EFBC}") = "UniqueUsernames", "UniqueUsernames\UniqueUsernames.csproj", "{6A3A7CA1-2757-43F4-8157-3306EF52E81E}"
EndProject
Project("{FAE04EC0-301F-11D3-BF4B-00C04F79EFBC}") = "SetsOfElements", "SetsOfElements\SetsOfElements.csproj", "{76762C8C-61F9-478C-BD47-DBA9CC5A4EEE}"
EndProject
Project("{FAE04EC0-301F-11D3-BF4B-00C04F79EFBC}") = "PeriodicTable", "PeriodicTable\PeriodicTable.csproj", "{79998DE7-1DAB-4A08-B22C-50F9F31398CE}"
EndProject
Project("{FAE04EC0-301F-11D3-BF4B-00C04F79EFBC}") = "EvenTimes", "EvenTimes\EvenTimes.csproj", "{DD9047BB-1345-4D54-B2F8-75381BA35EA5}"
EndProject
Global
	GlobalSection(SolutionConfigurationPlatforms) = preSolution
		Debug|Any CPU = Debug|Any CPU
		Release|Any CPU = Release|Any CPU
	EndGlobalSection
	GlobalSection(ProjectConfigurationPlatforms) = postSolution
		{6A3A7CA1-2757-43F4-8157-3306EF52E81E}.Debug|Any CPU.ActiveCfg = Debug|Any CPU
		{6A3A7CA1-2757-43F4-8157-3306EF52E81E}.Debug|Any CPU.Build.0 = Debug|Any CPU
		{6A3A7CA1-2757-43F4-8157-3306EF52E81E}.Release|Any CPU.ActiveCfg = Release|Any CPU
		{6A3A7CA1-2757-43F4-8157-3306EF52E81E}.Release|Any CPU.Build.0 = Release|Any CPU
		{76762C8C-61F9-478C-BD47-DBA9CC5A4EEE}.Debug|Any CPU.ActiveCfg = Debug|Any CPU
		{76762C8C-61F9-478C-BD47-DBA9CC5A4EEE}.Debug|Any CPU.Build.0 = Debug|Any CPU
		{76762C8C-61F9-478C-BD47-DBA9CC5A4EEE}.Release|Any CPU.ActiveCfg = Release|Any CPU
		{76762C8C-61F9-478C-BD47-DBA9CC5A4EEE}.Release|Any CPU.Build.0 = Release|Any CPU
		{79998DE7-1DAB-4A08-B22C-50F9F31398CE}.Debug|Any CPU.ActiveCfg = Debug|Any CPU
		{79998DE7-1DAB-4A08-B22C-50F9F31398CE}.Debug|Any CPU.Build.0 = Debug|Any CPU
		{79998DE7-1DAB-4A08-B22C-50F9F31398CE}.Release|Any CPU.ActiveCfg = Release|Any CPU
		{79998DE7-1DAB-4A08-B22C-50F9F31398CE}.Release|Any CPU.Build.0 = Release|Any CPU
		{DD9047BB-1345-4D54-B2F8-75381BA35EA5}.Debug|Any CPU.ActiveCfg = Debug|Any CPU
		{DD9047BB-1345-4D54-B2F8-75381BA35EA5}.Debug|Any CPU.Build.0 = Debug|Any CPU
		{DD9047BB-1345-4D54-B2F8-75381BA35EA5}.Release|Any CPU.ActiveCfg = Release|Any CPU
		{DD9047BB-1345-4D54-B2F8-75381BA35EA5}.Release|Any CPU.Build.0 = Release|Any CPU
	EndGlobalSection
	GlobalSection(SolutionProperties) = preSolution
		HideSolutionNode = FALSE
	EndGlobalSection
	GlobalSection(ExtensibilityGlobals) = postSolution
		SolutionGuid = {0FEB4351-A307-494E-B972-E78DD5333D3B}
	EndGlobalSection
EndGlobal
