
Microsoft Visual Studio Solution File, Format Version 12.00
# Visual Studio Version 17
VisualStudioVersion = 17.1.32210.238
MinimumVisualStudioVersion = 10.0.40219.1
Project("{FAE04EC0-301F-11D3-BF4B-00C04F79EFBC}") = "ValidUsernames", "ValidUsernames\ValidUsernames.csproj", "{A9E6CA56-DF04-45B2-B64A-8757BE1A1153}"
EndProject
Project("{FAE04EC0-301F-11D3-BF4B-00C04F79EFBC}") = "CharacterMultiplier", "CharacterMultiplier\CharacterMultiplier.csproj", "{201C3958-02FB-4995-B14C-019644A8862E}"
EndProject
Project("{FAE04EC0-301F-11D3-BF4B-00C04F79EFBC}") = "ExtractFile", "ExtractFile\ExtractFile.csproj", "{DDE4793A-5AAE-4918-AEF6-E2F207663E33}"
EndProject
Project("{FAE04EC0-301F-11D3-BF4B-00C04F79EFBC}") = "CaesarCipher", "CaesarCipher\CaesarCipher.csproj", "{F42D8D91-5A01-4D3F-B393-2A22723D1998}"
EndProject
Project("{FAE04EC0-301F-11D3-BF4B-00C04F79EFBC}") = "MultiplyBigNumber", "MultiplyBigNumber\MultiplyBigNumber.csproj", "{22D48971-6323-43FB-AC42-C943B97CFCDC}"
EndProject
Global
	GlobalSection(SolutionConfigurationPlatforms) = preSolution
		Debug|Any CPU = Debug|Any CPU
		Release|Any CPU = Release|Any CPU
	EndGlobalSection
	GlobalSection(ProjectConfigurationPlatforms) = postSolution
		{A9E6CA56-DF04-45B2-B64A-8757BE1A1153}.Debug|Any CPU.ActiveCfg = Debug|Any CPU
		{A9E6CA56-DF04-45B2-B64A-8757BE1A1153}.Debug|Any CPU.Build.0 = Debug|Any CPU
		{A9E6CA56-DF04-45B2-B64A-8757BE1A1153}.Release|Any CPU.ActiveCfg = Release|Any CPU
		{A9E6CA56-DF04-45B2-B64A-8757BE1A1153}.Release|Any CPU.Build.0 = Release|Any CPU
		{201C3958-02FB-4995-B14C-019644A8862E}.Debug|Any CPU.ActiveCfg = Debug|Any CPU
		{201C3958-02FB-4995-B14C-019644A8862E}.Debug|Any CPU.Build.0 = Debug|Any CPU
		{201C3958-02FB-4995-B14C-019644A8862E}.Release|Any CPU.ActiveCfg = Release|Any CPU
		{201C3958-02FB-4995-B14C-019644A8862E}.Release|Any CPU.Build.0 = Release|Any CPU
		{DDE4793A-5AAE-4918-AEF6-E2F207663E33}.Debug|Any CPU.ActiveCfg = Debug|Any CPU
		{DDE4793A-5AAE-4918-AEF6-E2F207663E33}.Debug|Any CPU.Build.0 = Debug|Any CPU
		{DDE4793A-5AAE-4918-AEF6-E2F207663E33}.Release|Any CPU.ActiveCfg = Release|Any CPU
		{DDE4793A-5AAE-4918-AEF6-E2F207663E33}.Release|Any CPU.Build.0 = Release|Any CPU
		{F42D8D91-5A01-4D3F-B393-2A22723D1998}.Debug|Any CPU.ActiveCfg = Debug|Any CPU
		{F42D8D91-5A01-4D3F-B393-2A22723D1998}.Debug|Any CPU.Build.0 = Debug|Any CPU
		{F42D8D91-5A01-4D3F-B393-2A22723D1998}.Release|Any CPU.ActiveCfg = Release|Any CPU
		{F42D8D91-5A01-4D3F-B393-2A22723D1998}.Release|Any CPU.Build.0 = Release|Any CPU
		{22D48971-6323-43FB-AC42-C943B97CFCDC}.Debug|Any CPU.ActiveCfg = Debug|Any CPU
		{22D48971-6323-43FB-AC42-C943B97CFCDC}.Debug|Any CPU.Build.0 = Debug|Any CPU
		{22D48971-6323-43FB-AC42-C943B97CFCDC}.Release|Any CPU.ActiveCfg = Release|Any CPU
		{22D48971-6323-43FB-AC42-C943B97CFCDC}.Release|Any CPU.Build.0 = Release|Any CPU
	EndGlobalSection
	GlobalSection(SolutionProperties) = preSolution
		HideSolutionNode = FALSE
	EndGlobalSection
	GlobalSection(ExtensibilityGlobals) = postSolution
		SolutionGuid = {0D966491-2624-4608-B8F2-4388C4FD1AB3}
	EndGlobalSection
EndGlobal
