
Microsoft Visual Studio Solution File, Format Version 12.00
# Visual Studio Version 17
VisualStudioVersion = 17.2.32519.379
MinimumVisualStudioVersion = 10.0.40219.1
Project("{FAE04EC0-301F-11D3-BF4B-00C04F79EFBC}") = "01.EvenLines", "01.EvenLines\01.EvenLines.csproj", "{D51A9789-FCD5-4B79-8CDF-D6B7F0215762}"
EndProject
Project("{FAE04EC0-301F-11D3-BF4B-00C04F79EFBC}") = "LineNumbers", "LineNumbers\LineNumbers.csproj", "{E6171D40-9002-4D3B-BEA4-BAB6FC481D2E}"
EndProject
Project("{FAE04EC0-301F-11D3-BF4B-00C04F79EFBC}") = "CopyBinaryFile", "CopyBinaryFile\CopyBinaryFile.csproj", "{6EC37538-D5AC-4C52-BD13-6F9DCE6037F4}"
EndProject
Project("{FAE04EC0-301F-11D3-BF4B-00C04F79EFBC}") = "Encrypt_DecryptFile_BasicXor", "Encrypt_DecryptFile_BasicXor\Encrypt_DecryptFile_BasicXor.csproj", "{7308A0BE-E2C7-4126-8A3F-3B88A270411E}"
EndProject
Global
	GlobalSection(SolutionConfigurationPlatforms) = preSolution
		Debug|Any CPU = Debug|Any CPU
		Release|Any CPU = Release|Any CPU
	EndGlobalSection
	GlobalSection(ProjectConfigurationPlatforms) = postSolution
		{D51A9789-FCD5-4B79-8CDF-D6B7F0215762}.Debug|Any CPU.ActiveCfg = Debug|Any CPU
		{D51A9789-FCD5-4B79-8CDF-D6B7F0215762}.Debug|Any CPU.Build.0 = Debug|Any CPU
		{D51A9789-FCD5-4B79-8CDF-D6B7F0215762}.Release|Any CPU.ActiveCfg = Release|Any CPU
		{D51A9789-FCD5-4B79-8CDF-D6B7F0215762}.Release|Any CPU.Build.0 = Release|Any CPU
		{E6171D40-9002-4D3B-BEA4-BAB6FC481D2E}.Debug|Any CPU.ActiveCfg = Debug|Any CPU
		{E6171D40-9002-4D3B-BEA4-BAB6FC481D2E}.Debug|Any CPU.Build.0 = Debug|Any CPU
		{E6171D40-9002-4D3B-BEA4-BAB6FC481D2E}.Release|Any CPU.ActiveCfg = Release|Any CPU
		{E6171D40-9002-4D3B-BEA4-BAB6FC481D2E}.Release|Any CPU.Build.0 = Release|Any CPU
		{6EC37538-D5AC-4C52-BD13-6F9DCE6037F4}.Debug|Any CPU.ActiveCfg = Debug|Any CPU
		{6EC37538-D5AC-4C52-BD13-6F9DCE6037F4}.Debug|Any CPU.Build.0 = Debug|Any CPU
		{6EC37538-D5AC-4C52-BD13-6F9DCE6037F4}.Release|Any CPU.ActiveCfg = Release|Any CPU
		{6EC37538-D5AC-4C52-BD13-6F9DCE6037F4}.Release|Any CPU.Build.0 = Release|Any CPU
		{7308A0BE-E2C7-4126-8A3F-3B88A270411E}.Debug|Any CPU.ActiveCfg = Debug|Any CPU
		{7308A0BE-E2C7-4126-8A3F-3B88A270411E}.Debug|Any CPU.Build.0 = Debug|Any CPU
		{7308A0BE-E2C7-4126-8A3F-3B88A270411E}.Release|Any CPU.ActiveCfg = Release|Any CPU
		{7308A0BE-E2C7-4126-8A3F-3B88A270411E}.Release|Any CPU.Build.0 = Release|Any CPU
	EndGlobalSection
	GlobalSection(SolutionProperties) = preSolution
		HideSolutionNode = FALSE
	EndGlobalSection
	GlobalSection(ExtensibilityGlobals) = postSolution
		SolutionGuid = {C038AFBB-DB04-4C3E-852F-FACDACB53D62}
	EndGlobalSection
EndGlobal
