
Microsoft Visual Studio Solution File, Format Version 12.00
# Visual Studio Version 17
VisualStudioVersion = 17.1.32210.238
MinimumVisualStudioVersion = 10.0.40219.1
Project("{FAE04EC0-301F-11D3-BF4B-00C04F79EFBC}") = "CountCharsInString", "CountCharsInString\CountCharsInString.csproj", "{ED361D28-449A-464B-91A6-FEBDA7781ACC}"
EndProject
Project("{FAE04EC0-301F-11D3-BF4B-00C04F79EFBC}") = "MinerTask", "MinerTask\MinerTask.csproj", "{AA54CBE0-5AAC-415D-B784-6B90AB6BD1DF}"
EndProject
Project("{FAE04EC0-301F-11D3-BF4B-00C04F79EFBC}") = "LegendaryFarming", "LegendaryFarming\LegendaryFarming.csproj", "{B6C12821-C314-4850-B60B-BFF2FBB04513}"
EndProject
Project("{FAE04EC0-301F-11D3-BF4B-00C04F79EFBC}") = "Orders", "Orders\Orders.csproj", "{C687BAA2-D253-4FF7-AB11-82EA90CA177A}"
EndProject
Project("{FAE04EC0-301F-11D3-BF4B-00C04F79EFBC}") = "SoftUniParking", "SoftUniParking\SoftUniParking.csproj", "{58CCF2ED-A312-4191-9AE8-C00876F44C9A}"
EndProject
Project("{FAE04EC0-301F-11D3-BF4B-00C04F79EFBC}") = "Courses", "Courses\Courses.csproj", "{8CC4FBFB-7382-4DFE-9C7D-693DC9EBB56D}"
EndProject
Project("{FAE04EC0-301F-11D3-BF4B-00C04F79EFBC}") = "StudentAcademy", "StudentAcademy\StudentAcademy.csproj", "{6D390385-3E7C-4152-A081-63A9550195CE}"
EndProject
Global
	GlobalSection(SolutionConfigurationPlatforms) = preSolution
		Debug|Any CPU = Debug|Any CPU
		Release|Any CPU = Release|Any CPU
	EndGlobalSection
	GlobalSection(ProjectConfigurationPlatforms) = postSolution
		{ED361D28-449A-464B-91A6-FEBDA7781ACC}.Debug|Any CPU.ActiveCfg = Debug|Any CPU
		{ED361D28-449A-464B-91A6-FEBDA7781ACC}.Debug|Any CPU.Build.0 = Debug|Any CPU
		{ED361D28-449A-464B-91A6-FEBDA7781ACC}.Release|Any CPU.ActiveCfg = Release|Any CPU
		{ED361D28-449A-464B-91A6-FEBDA7781ACC}.Release|Any CPU.Build.0 = Release|Any CPU
		{AA54CBE0-5AAC-415D-B784-6B90AB6BD1DF}.Debug|Any CPU.ActiveCfg = Debug|Any CPU
		{AA54CBE0-5AAC-415D-B784-6B90AB6BD1DF}.Debug|Any CPU.Build.0 = Debug|Any CPU
		{AA54CBE0-5AAC-415D-B784-6B90AB6BD1DF}.Release|Any CPU.ActiveCfg = Release|Any CPU
		{AA54CBE0-5AAC-415D-B784-6B90AB6BD1DF}.Release|Any CPU.Build.0 = Release|Any CPU
		{B6C12821-C314-4850-B60B-BFF2FBB04513}.Debug|Any CPU.ActiveCfg = Debug|Any CPU
		{B6C12821-C314-4850-B60B-BFF2FBB04513}.Debug|Any CPU.Build.0 = Debug|Any CPU
		{B6C12821-C314-4850-B60B-BFF2FBB04513}.Release|Any CPU.ActiveCfg = Release|Any CPU
		{B6C12821-C314-4850-B60B-BFF2FBB04513}.Release|Any CPU.Build.0 = Release|Any CPU
		{C687BAA2-D253-4FF7-AB11-82EA90CA177A}.Debug|Any CPU.ActiveCfg = Debug|Any CPU
		{C687BAA2-D253-4FF7-AB11-82EA90CA177A}.Debug|Any CPU.Build.0 = Debug|Any CPU
		{C687BAA2-D253-4FF7-AB11-82EA90CA177A}.Release|Any CPU.ActiveCfg = Release|Any CPU
		{C687BAA2-D253-4FF7-AB11-82EA90CA177A}.Release|Any CPU.Build.0 = Release|Any CPU
		{58CCF2ED-A312-4191-9AE8-C00876F44C9A}.Debug|Any CPU.ActiveCfg = Debug|Any CPU
		{58CCF2ED-A312-4191-9AE8-C00876F44C9A}.Debug|Any CPU.Build.0 = Debug|Any CPU
		{58CCF2ED-A312-4191-9AE8-C00876F44C9A}.Release|Any CPU.ActiveCfg = Release|Any CPU
		{58CCF2ED-A312-4191-9AE8-C00876F44C9A}.Release|Any CPU.Build.0 = Release|Any CPU
		{8CC4FBFB-7382-4DFE-9C7D-693DC9EBB56D}.Debug|Any CPU.ActiveCfg = Debug|Any CPU
		{8CC4FBFB-7382-4DFE-9C7D-693DC9EBB56D}.Debug|Any CPU.Build.0 = Debug|Any CPU
		{8CC4FBFB-7382-4DFE-9C7D-693DC9EBB56D}.Release|Any CPU.ActiveCfg = Release|Any CPU
		{8CC4FBFB-7382-4DFE-9C7D-693DC9EBB56D}.Release|Any CPU.Build.0 = Release|Any CPU
		{6D390385-3E7C-4152-A081-63A9550195CE}.Debug|Any CPU.ActiveCfg = Debug|Any CPU
		{6D390385-3E7C-4152-A081-63A9550195CE}.Debug|Any CPU.Build.0 = Debug|Any CPU
		{6D390385-3E7C-4152-A081-63A9550195CE}.Release|Any CPU.ActiveCfg = Release|Any CPU
		{6D390385-3E7C-4152-A081-63A9550195CE}.Release|Any CPU.Build.0 = Release|Any CPU
	EndGlobalSection
	GlobalSection(SolutionProperties) = preSolution
		HideSolutionNode = FALSE
	EndGlobalSection
	GlobalSection(ExtensibilityGlobals) = postSolution
		SolutionGuid = {92DECAAD-6B45-408D-BEF6-C91A9425D21F}
	EndGlobalSection
EndGlobal
